
Microsoft Visual Studio Solution File, Format Version 12.00
# Visual Studio Version 16
VisualStudioVersion = 16.0.29001.49
MinimumVisualStudioVersion = 10.0.40219.1
Project("{FAE04EC0-301F-11D3-BF4B-00C04F79EFBC}") = "OpGL", "OpGL\OpGL.csproj", "{6CBD5F6F-3F9E-4E9B-B417-BBD7AF8CCAF0}"
EndProject
Global
	GlobalSection(SolutionConfigurationPlatforms) = preSolution
		Debug|Any CPU = Debug|Any CPU
		Release|Any CPU = Release|Any CPU
	EndGlobalSection
	GlobalSection(ProjectConfigurationPlatforms) = postSolution
		{6CBD5F6F-3F9E-4E9B-B417-BBD7AF8CCAF0}.Debug|Any CPU.ActiveCfg = Debug|Any CPU
		{6CBD5F6F-3F9E-4E9B-B417-BBD7AF8CCAF0}.Debug|Any CPU.Build.0 = Debug|Any CPU
		{6CBD5F6F-3F9E-4E9B-B417-BBD7AF8CCAF0}.Release|Any CPU.ActiveCfg = Release|Any CPU
		{6CBD5F6F-3F9E-4E9B-B417-BBD7AF8CCAF0}.Release|Any CPU.Build.0 = Release|Any CPU
	EndGlobalSection
	GlobalSection(SolutionProperties) = preSolution
		HideSolutionNode = FALSE
	EndGlobalSection
	GlobalSection(ExtensibilityGlobals) = postSolution
		SolutionGuid = {D60BDEFD-5D04-420E-952E-774EAC7F8CA8}
	EndGlobalSection
EndGlobal
